
Microsoft Visual Studio Solution File, Format Version 12.00
# Visual Studio Version 17
VisualStudioVersion = 17.3.32922.545
MinimumVisualStudioVersion = 10.0.40219.1
Project("{FAE04EC0-301F-11D3-BF4B-00C04F79EFBC}") = "CourseWorkWPF", "Lab4BD\CourseWorkWPF.csproj", "{FC265ECC-5DBC-4F6D-A5EB-DE784857EBDC}"
EndProject
Global
	GlobalSection(SolutionConfigurationPlatforms) = preSolution
		Debug|Any CPU = Debug|Any CPU
		Release|Any CPU = Release|Any CPU
	EndGlobalSection
	GlobalSection(ProjectConfigurationPlatforms) = postSolution
		{FC265ECC-5DBC-4F6D-A5EB-DE784857EBDC}.Debug|Any CPU.ActiveCfg = Debug|Any CPU
		{FC265ECC-5DBC-4F6D-A5EB-DE784857EBDC}.Debug|Any CPU.Build.0 = Debug|Any CPU
		{FC265ECC-5DBC-4F6D-A5EB-DE784857EBDC}.Release|Any CPU.ActiveCfg = Release|Any CPU
		{FC265ECC-5DBC-4F6D-A5EB-DE784857EBDC}.Release|Any CPU.Build.0 = Release|Any CPU
	EndGlobalSection
	GlobalSection(SolutionProperties) = preSolution
		HideSolutionNode = FALSE
	EndGlobalSection
	GlobalSection(ExtensibilityGlobals) = postSolution
		SolutionGuid = {51A1C63D-A5D2-4A43-B186-5F687622A508}
	EndGlobalSection
EndGlobal
